
Microsoft Visual Studio Solution File, Format Version 12.00
# Visual Studio Version 16
VisualStudioVersion = 16.0.30114.105
MinimumVisualStudioVersion = 10.0.40219.1
Project("{FAE04EC0-301F-11D3-BF4B-00C04F79EFBC}") = "EFQ", "EFQ\EFQ.csproj", "{B51C229C-F3EB-4CBE-B610-E0CC76240314}"
EndProject
Project("{FAE04EC0-301F-11D3-BF4B-00C04F79EFBC}") = "EFQ.Web", "EFQ.Web\EFQ.Web.csproj", "{48B48354-DE19-4B6D-987A-0CF0AC2C9CFD}"
EndProject
Project("{FAE04EC0-301F-11D3-BF4B-00C04F79EFBC}") = "EFQ.dbtest", "EFQ.dbtest\EFQ.dbtest.csproj", "{0829DAF3-1EE0-456C-AC93-11621D468B8B}"
EndProject
Project("{FAE04EC0-301F-11D3-BF4B-00C04F79EFBC}") = "EFQ.test", "EFQ.test\EFQ.test.csproj", "{15203643-A9E1-4503-B2E5-C6C229CD7E59}"
EndProject
Global
	GlobalSection(SolutionConfigurationPlatforms) = preSolution
		Debug|Any CPU = Debug|Any CPU
		Debug|x64 = Debug|x64
		Debug|x86 = Debug|x86
		Release|Any CPU = Release|Any CPU
		Release|x64 = Release|x64
		Release|x86 = Release|x86
	EndGlobalSection
	GlobalSection(SolutionProperties) = preSolution
		HideSolutionNode = FALSE
	EndGlobalSection
	GlobalSection(ProjectConfigurationPlatforms) = postSolution
		{B51C229C-F3EB-4CBE-B610-E0CC76240314}.Debug|Any CPU.ActiveCfg = Debug|Any CPU
		{B51C229C-F3EB-4CBE-B610-E0CC76240314}.Debug|Any CPU.Build.0 = Debug|Any CPU
		{B51C229C-F3EB-4CBE-B610-E0CC76240314}.Debug|x64.ActiveCfg = Debug|Any CPU
		{B51C229C-F3EB-4CBE-B610-E0CC76240314}.Debug|x64.Build.0 = Debug|Any CPU
		{B51C229C-F3EB-4CBE-B610-E0CC76240314}.Debug|x86.ActiveCfg = Debug|Any CPU
		{B51C229C-F3EB-4CBE-B610-E0CC76240314}.Debug|x86.Build.0 = Debug|Any CPU
		{B51C229C-F3EB-4CBE-B610-E0CC76240314}.Release|Any CPU.ActiveCfg = Release|Any CPU
		{B51C229C-F3EB-4CBE-B610-E0CC76240314}.Release|Any CPU.Build.0 = Release|Any CPU
		{B51C229C-F3EB-4CBE-B610-E0CC76240314}.Release|x64.ActiveCfg = Release|Any CPU
		{B51C229C-F3EB-4CBE-B610-E0CC76240314}.Release|x64.Build.0 = Release|Any CPU
		{B51C229C-F3EB-4CBE-B610-E0CC76240314}.Release|x86.ActiveCfg = Release|Any CPU
		{B51C229C-F3EB-4CBE-B610-E0CC76240314}.Release|x86.Build.0 = Release|Any CPU
		{48B48354-DE19-4B6D-987A-0CF0AC2C9CFD}.Debug|Any CPU.ActiveCfg = Debug|Any CPU
		{48B48354-DE19-4B6D-987A-0CF0AC2C9CFD}.Debug|Any CPU.Build.0 = Debug|Any CPU
		{48B48354-DE19-4B6D-987A-0CF0AC2C9CFD}.Debug|x64.ActiveCfg = Debug|Any CPU
		{48B48354-DE19-4B6D-987A-0CF0AC2C9CFD}.Debug|x64.Build.0 = Debug|Any CPU
		{48B48354-DE19-4B6D-987A-0CF0AC2C9CFD}.Debug|x86.ActiveCfg = Debug|Any CPU
		{48B48354-DE19-4B6D-987A-0CF0AC2C9CFD}.Debug|x86.Build.0 = Debug|Any CPU
		{48B48354-DE19-4B6D-987A-0CF0AC2C9CFD}.Release|Any CPU.ActiveCfg = Release|Any CPU
		{48B48354-DE19-4B6D-987A-0CF0AC2C9CFD}.Release|Any CPU.Build.0 = Release|Any CPU
		{48B48354-DE19-4B6D-987A-0CF0AC2C9CFD}.Release|x64.ActiveCfg = Release|Any CPU
		{48B48354-DE19-4B6D-987A-0CF0AC2C9CFD}.Release|x64.Build.0 = Release|Any CPU
		{48B48354-DE19-4B6D-987A-0CF0AC2C9CFD}.Release|x86.ActiveCfg = Release|Any CPU
		{48B48354-DE19-4B6D-987A-0CF0AC2C9CFD}.Release|x86.Build.0 = Release|Any CPU
		{0829DAF3-1EE0-456C-AC93-11621D468B8B}.Debug|Any CPU.ActiveCfg = Debug|Any CPU
		{0829DAF3-1EE0-456C-AC93-11621D468B8B}.Debug|Any CPU.Build.0 = Debug|Any CPU
		{0829DAF3-1EE0-456C-AC93-11621D468B8B}.Debug|x64.ActiveCfg = Debug|Any CPU
		{0829DAF3-1EE0-456C-AC93-11621D468B8B}.Debug|x64.Build.0 = Debug|Any CPU
		{0829DAF3-1EE0-456C-AC93-11621D468B8B}.Debug|x86.ActiveCfg = Debug|Any CPU
		{0829DAF3-1EE0-456C-AC93-11621D468B8B}.Debug|x86.Build.0 = Debug|Any CPU
		{0829DAF3-1EE0-456C-AC93-11621D468B8B}.Release|Any CPU.ActiveCfg = Release|Any CPU
		{0829DAF3-1EE0-456C-AC93-11621D468B8B}.Release|Any CPU.Build.0 = Release|Any CPU
		{0829DAF3-1EE0-456C-AC93-11621D468B8B}.Release|x64.ActiveCfg = Release|Any CPU
		{0829DAF3-1EE0-456C-AC93-11621D468B8B}.Release|x64.Build.0 = Release|Any CPU
		{0829DAF3-1EE0-456C-AC93-11621D468B8B}.Release|x86.ActiveCfg = Release|Any CPU
		{0829DAF3-1EE0-456C-AC93-11621D468B8B}.Release|x86.Build.0 = Release|Any CPU
		{15203643-A9E1-4503-B2E5-C6C229CD7E59}.Debug|Any CPU.ActiveCfg = Debug|Any CPU
		{15203643-A9E1-4503-B2E5-C6C229CD7E59}.Debug|Any CPU.Build.0 = Debug|Any CPU
		{15203643-A9E1-4503-B2E5-C6C229CD7E59}.Debug|x64.ActiveCfg = Debug|Any CPU
		{15203643-A9E1-4503-B2E5-C6C229CD7E59}.Debug|x64.Build.0 = Debug|Any CPU
		{15203643-A9E1-4503-B2E5-C6C229CD7E59}.Debug|x86.ActiveCfg = Debug|Any CPU
		{15203643-A9E1-4503-B2E5-C6C229CD7E59}.Debug|x86.Build.0 = Debug|Any CPU
		{15203643-A9E1-4503-B2E5-C6C229CD7E59}.Release|Any CPU.ActiveCfg = Release|Any CPU
		{15203643-A9E1-4503-B2E5-C6C229CD7E59}.Release|Any CPU.Build.0 = Release|Any CPU
		{15203643-A9E1-4503-B2E5-C6C229CD7E59}.Release|x64.ActiveCfg = Release|Any CPU
		{15203643-A9E1-4503-B2E5-C6C229CD7E59}.Release|x64.Build.0 = Release|Any CPU
		{15203643-A9E1-4503-B2E5-C6C229CD7E59}.Release|x86.ActiveCfg = Release|Any CPU
		{15203643-A9E1-4503-B2E5-C6C229CD7E59}.Release|x86.Build.0 = Release|Any CPU
	EndGlobalSection
EndGlobal
